
Microsoft Visual Studio Solution File, Format Version 12.00
Project("{FAE04EC0-301F-11D3-BF4B-00C04F79EFBC}") = "C9_Iterator_Composite_Pattern", "C9_Iterator_Composite_Pattern\C9_Iterator_Composite_Pattern.csproj", "{CD9F076E-E936-4D33-AF5D-F82209C879B6}"
EndProject
Global
	GlobalSection(SolutionConfigurationPlatforms) = preSolution
		Debug|Any CPU = Debug|Any CPU
		Release|Any CPU = Release|Any CPU
	EndGlobalSection
	GlobalSection(ProjectConfigurationPlatforms) = postSolution
		{CD9F076E-E936-4D33-AF5D-F82209C879B6}.Debug|Any CPU.ActiveCfg = Debug|Any CPU
		{CD9F076E-E936-4D33-AF5D-F82209C879B6}.Debug|Any CPU.Build.0 = Debug|Any CPU
		{CD9F076E-E936-4D33-AF5D-F82209C879B6}.Release|Any CPU.ActiveCfg = Release|Any CPU
		{CD9F076E-E936-4D33-AF5D-F82209C879B6}.Release|Any CPU.Build.0 = Release|Any CPU
	EndGlobalSection
EndGlobal
