
Microsoft Visual Studio Solution File, Format Version 12.00
Project("{FAE04EC0-301F-11D3-BF4B-00C04F79EFBC}") = "C10_StatePattern", "C10_StatePattern\C10_StatePattern.csproj", "{7CD8C92B-5986-441C-B27E-7EDD35CBB06A}"
EndProject
Global
	GlobalSection(SolutionConfigurationPlatforms) = preSolution
		Debug|Any CPU = Debug|Any CPU
		Release|Any CPU = Release|Any CPU
	EndGlobalSection
	GlobalSection(ProjectConfigurationPlatforms) = postSolution
		{7CD8C92B-5986-441C-B27E-7EDD35CBB06A}.Debug|Any CPU.ActiveCfg = Debug|Any CPU
		{7CD8C92B-5986-441C-B27E-7EDD35CBB06A}.Debug|Any CPU.Build.0 = Debug|Any CPU
		{7CD8C92B-5986-441C-B27E-7EDD35CBB06A}.Release|Any CPU.ActiveCfg = Release|Any CPU
		{7CD8C92B-5986-441C-B27E-7EDD35CBB06A}.Release|Any CPU.Build.0 = Release|Any CPU
	EndGlobalSection
EndGlobal
