
Microsoft Visual Studio Solution File, Format Version 12.00
Project("{FAE04EC0-301F-11D3-BF4B-00C04F79EFBC}") = "C8_TemplatePattern", "C8_TemplatePattern\C8_TemplatePattern.csproj", "{C26299FD-489A-4F7B-B588-D8FE7356FD6C}"
EndProject
Global
	GlobalSection(SolutionConfigurationPlatforms) = preSolution
		Debug|Any CPU = Debug|Any CPU
		Release|Any CPU = Release|Any CPU
	EndGlobalSection
	GlobalSection(ProjectConfigurationPlatforms) = postSolution
		{C26299FD-489A-4F7B-B588-D8FE7356FD6C}.Debug|Any CPU.ActiveCfg = Debug|Any CPU
		{C26299FD-489A-4F7B-B588-D8FE7356FD6C}.Debug|Any CPU.Build.0 = Debug|Any CPU
		{C26299FD-489A-4F7B-B588-D8FE7356FD6C}.Release|Any CPU.ActiveCfg = Release|Any CPU
		{C26299FD-489A-4F7B-B588-D8FE7356FD6C}.Release|Any CPU.Build.0 = Release|Any CPU
	EndGlobalSection
EndGlobal
